
Microsoft Visual Studio Solution File, Format Version 12.00
# Visual Studio Version 17
VisualStudioVersion = 17.14.36603.0
MinimumVisualStudioVersion = 10.0.40219.1
Project("{2150E333-8FDC-42A3-9474-1A3956D46DE8}") = "src", "src", "{02EA681E-C7D8-13C7-8484-4AC65E1B71E8}"
EndProject
Project("{2150E333-8FDC-42A3-9474-1A3956D46DE8}") = "Creational", "Creational", "{9B0B6DD9-A704-48DD-9F0F-E47EF4465282}"
EndProject
Project("{FAE04EC0-301F-11D3-BF4B-00C04F79EFBC}") = "DesignPatterns.FactoryMethod", "src\Creational\DesignPatterns.FactoryMethod\DesignPatterns.FactoryMethod.csproj", "{85BA3758-46F2-A227-10DD-18DECF8D89C6}"
EndProject
Project("{2150E333-8FDC-42A3-9474-1A3956D46DE8}") = "Structural", "Structural", "{0C9BE673-4B48-4534-8D9F-9D0CFB3846F6}"
EndProject
Project("{FAE04EC0-301F-11D3-BF4B-00C04F79EFBC}") = "DesignPatterns.Adapter", "src\Structural\DesignPatterns.Adapter\DesignPatterns.Adapter.csproj", "{0C3C2B80-6216-4DBF-BD46-0AD8FC78042A}"
EndProject
Project("{2150E333-8FDC-42A3-9474-1A3956D46DE8}") = "tests", "tests", "{F951B1C4-D728-4426-9D66-3909124DCC82}"
EndProject
Project("{2150E333-8FDC-42A3-9474-1A3956D46DE8}") = "Structural", "Structural", "{7E688A1B-0660-4CE6-ADB4-246CC694CC2A}"
EndProject
Project("{FAE04EC0-301F-11D3-BF4B-00C04F79EFBC}") = "DesignPatterns.Adapter.Tests", "tests\Structural\DesignPatterns.Adapter.Tests\DesignPatterns.Adapter.Tests.csproj", "{8465CD73-2511-34FA-B935-50664876F795}"
EndProject
Project("{2150E333-8FDC-42A3-9474-1A3956D46DE8}") = "Creational", "Creational", "{A24A5F18-5218-431F-B53B-4E7C4CE6B77A}"
EndProject
Project("{FAE04EC0-301F-11D3-BF4B-00C04F79EFBC}") = "DesignPatterns.AbstractFactory", "src\Creational\DesignPatterns.AbstractFactory\DesignPatterns.AbstractFactory.csproj", "{1BB3ABE8-6F77-B482-EAAD-1296AB3ECF92}"
EndProject
Project("{FAE04EC0-301F-11D3-BF4B-00C04F79EFBC}") = "DesignPatterns.AbstractFactory.Test", "tests\Creational\DesignPatterns.AbstractFactory.Test\DesignPatterns.AbstractFactory.Test.csproj", "{60724688-83F9-4E55-8F51-8547130EC077}"
EndProject
Project("{FAE04EC0-301F-11D3-BF4B-00C04F79EFBC}") = "DesignPatterns.FactoryMethod.Test", "tests\Creational\DesignPatterns.FactoryMethod.Test\DesignPatterns.FactoryMethod.Test.csproj", "{FDDD87C5-EE67-1749-AA57-4CF05C36B9EA}"
EndProject
Global
	GlobalSection(SolutionConfigurationPlatforms) = preSolution
		Debug|Any CPU = Debug|Any CPU
		Release|Any CPU = Release|Any CPU
	EndGlobalSection
	GlobalSection(ProjectConfigurationPlatforms) = postSolution
		{85BA3758-46F2-A227-10DD-18DECF8D89C6}.Debug|Any CPU.ActiveCfg = Debug|Any CPU
		{85BA3758-46F2-A227-10DD-18DECF8D89C6}.Debug|Any CPU.Build.0 = Debug|Any CPU
		{85BA3758-46F2-A227-10DD-18DECF8D89C6}.Release|Any CPU.ActiveCfg = Release|Any CPU
		{85BA3758-46F2-A227-10DD-18DECF8D89C6}.Release|Any CPU.Build.0 = Release|Any CPU
		{0C3C2B80-6216-4DBF-BD46-0AD8FC78042A}.Debug|Any CPU.ActiveCfg = Debug|Any CPU
		{0C3C2B80-6216-4DBF-BD46-0AD8FC78042A}.Debug|Any CPU.Build.0 = Debug|Any CPU
		{0C3C2B80-6216-4DBF-BD46-0AD8FC78042A}.Release|Any CPU.ActiveCfg = Release|Any CPU
		{0C3C2B80-6216-4DBF-BD46-0AD8FC78042A}.Release|Any CPU.Build.0 = Release|Any CPU
		{8465CD73-2511-34FA-B935-50664876F795}.Debug|Any CPU.ActiveCfg = Debug|Any CPU
		{8465CD73-2511-34FA-B935-50664876F795}.Debug|Any CPU.Build.0 = Debug|Any CPU
		{8465CD73-2511-34FA-B935-50664876F795}.Release|Any CPU.ActiveCfg = Release|Any CPU
		{8465CD73-2511-34FA-B935-50664876F795}.Release|Any CPU.Build.0 = Release|Any CPU
		{1BB3ABE8-6F77-B482-EAAD-1296AB3ECF92}.Debug|Any CPU.ActiveCfg = Debug|Any CPU
		{1BB3ABE8-6F77-B482-EAAD-1296AB3ECF92}.Debug|Any CPU.Build.0 = Debug|Any CPU
		{1BB3ABE8-6F77-B482-EAAD-1296AB3ECF92}.Release|Any CPU.ActiveCfg = Release|Any CPU
		{1BB3ABE8-6F77-B482-EAAD-1296AB3ECF92}.Release|Any CPU.Build.0 = Release|Any CPU
		{60724688-83F9-4E55-8F51-8547130EC077}.Debug|Any CPU.ActiveCfg = Debug|Any CPU
		{60724688-83F9-4E55-8F51-8547130EC077}.Debug|Any CPU.Build.0 = Debug|Any CPU
		{60724688-83F9-4E55-8F51-8547130EC077}.Release|Any CPU.ActiveCfg = Release|Any CPU
		{60724688-83F9-4E55-8F51-8547130EC077}.Release|Any CPU.Build.0 = Release|Any CPU
		{FDDD87C5-EE67-1749-AA57-4CF05C36B9EA}.Debug|Any CPU.ActiveCfg = Debug|Any CPU
		{FDDD87C5-EE67-1749-AA57-4CF05C36B9EA}.Debug|Any CPU.Build.0 = Debug|Any CPU
		{FDDD87C5-EE67-1749-AA57-4CF05C36B9EA}.Release|Any CPU.ActiveCfg = Release|Any CPU
		{FDDD87C5-EE67-1749-AA57-4CF05C36B9EA}.Release|Any CPU.Build.0 = Release|Any CPU
	EndGlobalSection
	GlobalSection(SolutionProperties) = preSolution
		HideSolutionNode = FALSE
	EndGlobalSection
	GlobalSection(NestedProjects) = preSolution
		{9B0B6DD9-A704-48DD-9F0F-E47EF4465282} = {02EA681E-C7D8-13C7-8484-4AC65E1B71E8}
		{85BA3758-46F2-A227-10DD-18DECF8D89C6} = {9B0B6DD9-A704-48DD-9F0F-E47EF4465282}
		{0C9BE673-4B48-4534-8D9F-9D0CFB3846F6} = {02EA681E-C7D8-13C7-8484-4AC65E1B71E8}
		{0C3C2B80-6216-4DBF-BD46-0AD8FC78042A} = {0C9BE673-4B48-4534-8D9F-9D0CFB3846F6}
		{7E688A1B-0660-4CE6-ADB4-246CC694CC2A} = {F951B1C4-D728-4426-9D66-3909124DCC82}
		{8465CD73-2511-34FA-B935-50664876F795} = {7E688A1B-0660-4CE6-ADB4-246CC694CC2A}
		{A24A5F18-5218-431F-B53B-4E7C4CE6B77A} = {F951B1C4-D728-4426-9D66-3909124DCC82}
		{1BB3ABE8-6F77-B482-EAAD-1296AB3ECF92} = {9B0B6DD9-A704-48DD-9F0F-E47EF4465282}
		{60724688-83F9-4E55-8F51-8547130EC077} = {A24A5F18-5218-431F-B53B-4E7C4CE6B77A}
		{FDDD87C5-EE67-1749-AA57-4CF05C36B9EA} = {A24A5F18-5218-431F-B53B-4E7C4CE6B77A}
	EndGlobalSection
	GlobalSection(ExtensibilityGlobals) = postSolution
		SolutionGuid = {D8C9CD6C-3E01-4AAB-9CC9-137675B35F33}
	EndGlobalSection
EndGlobal
