
Microsoft Visual Studio Solution File, Format Version 12.00
# Visual Studio Version 17
VisualStudioVersion = 17.14.36603.0
MinimumVisualStudioVersion = 10.0.40219.1
Project("{2150E333-8FDC-42A3-9474-1A3956D46DE8}") = "src", "src", "{02EA681E-C7D8-13C7-8484-4AC65E1B71E8}"
EndProject
Project("{2150E333-8FDC-42A3-9474-1A3956D46DE8}") = "Creationals", "Creationals", "{9B0B6DD9-A704-48DD-9F0F-E47EF4465282}"
EndProject
Project("{FAE04EC0-301F-11D3-BF4B-00C04F79EFBC}") = "DesignPatterns.FactoryMethod", "src\Creationals\DesignPatterns.FactoryMethod\DesignPatterns.FactoryMethod.csproj", "{4627934B-D445-4C8B-B36D-E42DB396F7CD}"
EndProject
Project("{FAE04EC0-301F-11D3-BF4B-00C04F79EFBC}") = "DesignPatterns.Prototype", "src\Creationals\DesignPatterns.Prototype\DesignPatterns.Prototype.csproj", "{934D8D61-820C-49FC-B420-ADC493701201}"
EndProject
Global
	GlobalSection(SolutionConfigurationPlatforms) = preSolution
		Debug|Any CPU = Debug|Any CPU
		Release|Any CPU = Release|Any CPU
	EndGlobalSection
	GlobalSection(ProjectConfigurationPlatforms) = postSolution
		{4627934B-D445-4C8B-B36D-E42DB396F7CD}.Debug|Any CPU.ActiveCfg = Debug|Any CPU
		{4627934B-D445-4C8B-B36D-E42DB396F7CD}.Debug|Any CPU.Build.0 = Debug|Any CPU
		{4627934B-D445-4C8B-B36D-E42DB396F7CD}.Release|Any CPU.ActiveCfg = Release|Any CPU
		{4627934B-D445-4C8B-B36D-E42DB396F7CD}.Release|Any CPU.Build.0 = Release|Any CPU
		{934D8D61-820C-49FC-B420-ADC493701201}.Debug|Any CPU.ActiveCfg = Debug|Any CPU
		{934D8D61-820C-49FC-B420-ADC493701201}.Debug|Any CPU.Build.0 = Debug|Any CPU
		{934D8D61-820C-49FC-B420-ADC493701201}.Release|Any CPU.ActiveCfg = Release|Any CPU
		{934D8D61-820C-49FC-B420-ADC493701201}.Release|Any CPU.Build.0 = Release|Any CPU
	EndGlobalSection
	GlobalSection(SolutionProperties) = preSolution
		HideSolutionNode = FALSE
	EndGlobalSection
	GlobalSection(NestedProjects) = preSolution
		{9B0B6DD9-A704-48DD-9F0F-E47EF4465282} = {02EA681E-C7D8-13C7-8484-4AC65E1B71E8}
		{4627934B-D445-4C8B-B36D-E42DB396F7CD} = {9B0B6DD9-A704-48DD-9F0F-E47EF4465282}
		{934D8D61-820C-49FC-B420-ADC493701201} = {9B0B6DD9-A704-48DD-9F0F-E47EF4465282}
	EndGlobalSection
	GlobalSection(ExtensibilityGlobals) = postSolution
		SolutionGuid = {D8C9CD6C-3E01-4AAB-9CC9-137675B35F33}
	EndGlobalSection
EndGlobal
